
Microsoft Visual Studio Solution File, Format Version 12.00
# Visual Studio Version 17
VisualStudioVersion = 17.5.33530.505
MinimumVisualStudioVersion = 10.0.40219.1
Project("{FAE04EC0-301F-11D3-BF4B-00C04F79EFBC}") = "EMS", "EMS\EMS.csproj", "{E8A60647-50D1-4515-9887-BC87118A843B}"
EndProject
Global
	GlobalSection(SolutionConfigurationPlatforms) = preSolution
		Debug|Any CPU = Debug|Any CPU
		Release|Any CPU = Release|Any CPU
	EndGlobalSection
	GlobalSection(ProjectConfigurationPlatforms) = postSolution
		{E8A60647-50D1-4515-9887-BC87118A843B}.Debug|Any CPU.ActiveCfg = Debug|Any CPU
		{E8A60647-50D1-4515-9887-BC87118A843B}.Debug|Any CPU.Build.0 = Debug|Any CPU
		{E8A60647-50D1-4515-9887-BC87118A843B}.Release|Any CPU.ActiveCfg = Release|Any CPU
		{E8A60647-50D1-4515-9887-BC87118A843B}.Release|Any CPU.Build.0 = Release|Any CPU
	EndGlobalSection
	GlobalSection(SolutionProperties) = preSolution
		HideSolutionNode = FALSE
	EndGlobalSection
	GlobalSection(ExtensibilityGlobals) = postSolution
		SolutionGuid = {A15247D3-654E-4946-8762-AE817211AC41}
	EndGlobalSection
EndGlobal
